{
    "version": 3,
    "terraform_version": "0.11.10",
    "serial": 11,
    "lineage": "31dad82d-95ea-78e8-0383-58876538ded2",
    "modules": [
        {
            "path": [
                "root"
            ],
            "outputs": {
                "eb_dns": {
                    "sensitive": false,
                    "type": "string",
                    "value": "va-diffusion-marketplace-production.mfw7phjphm.us-west-2.elasticbeanstalk.com"
                },
                "this_db_instance_address": {
                    "sensitive": false,
                    "type": "string",
                    "value": "va-diffusion-marketplace-production.chlxo1onczok.us-west-2.rds.amazonaws.com"
                },
                "this_db_instance_arn": {
                    "sensitive": false,
                    "type": "string",
                    "value": "arn:aws:rds:us-west-2:691573393588:db:va-diffusion-marketplace-production"
                },
                "this_db_instance_availability_zone": {
                    "sensitive": false,
                    "type": "string",
                    "value": "us-west-2c"
                },
                "this_db_instance_endpoint": {
                    "sensitive": false,
                    "type": "string",
                    "value": "va-diffusion-marketplace-production.chlxo1onczok.us-west-2.rds.amazonaws.com:5432"
                },
                "this_db_instance_hosted_zone_id": {
                    "sensitive": false,
                    "type": "string",
                    "value": "Z1PVIF0B656C1W"
                },
                "this_db_instance_id": {
                    "sensitive": false,
                    "type": "string",
                    "value": "va-diffusion-marketplace-production"
                },
                "this_db_instance_name": {
                    "sensitive": false,
                    "type": "string",
                    "value": "vadiffusionmarketplaceproduction"
                },
                "this_db_instance_password": {
                    "sensitive": false,
                    "type": "string",
                    "value": "VY6ytgPwDpP7RfsZ69VDwe2PVWjqTCcU"
                },
                "this_db_instance_port": {
                    "sensitive": false,
                    "type": "string",
                    "value": "5432"
                },
                "this_db_instance_resource_id": {
                    "sensitive": false,
                    "type": "string",
                    "value": "db-7DZBN24FIOWS4QUHK75NGYO3LQ"
                },
                "this_db_instance_status": {
                    "sensitive": false,
                    "type": "string",
                    "value": "available"
                },
                "this_db_instance_username": {
                    "sensitive": false,
                    "type": "string",
                    "value": "vadiffusionmarketplaceproduction"
                },
                "this_db_parameter_group_arn": {
                    "sensitive": false,
                    "type": "string",
                    "value": "arn:aws:rds:us-west-2:691573393588:pg:va-diffusion-marketplace-production-20190522092135225100000001"
                },
                "this_db_parameter_group_id": {
                    "sensitive": false,
                    "type": "string",
                    "value": "va-diffusion-marketplace-production-20190522092135225100000001"
                },
                "this_db_subnet_group_arn": {
                    "sensitive": false,
                    "type": "string",
                    "value": "arn:aws:rds:us-west-2:691573393588:subgrp:va-diffusion-marketplace-production-20190522092135225300000002"
                },
                "this_db_subnet_group_id": {
                    "sensitive": false,
                    "type": "string",
                    "value": "va-diffusion-marketplace-production-20190522092135225300000002"
                }
            },
            "resources": {
                "aws_ecr_repository.ng_container_repository": {
                    "type": "aws_ecr_repository",
                    "depends_on": [],
                    "primary": {
                        "id": "va-diffusion-marketplace-production",
                        "attributes": {
                            "arn": "arn:aws:ecr:us-west-2:691573393588:repository/va-diffusion-marketplace-production",
                            "id": "va-diffusion-marketplace-production",
                            "name": "va-diffusion-marketplace-production",
                            "registry_id": "691573393588",
                            "repository_url": "691573393588.dkr.ecr.us-west-2.amazonaws.com/va-diffusion-marketplace-production"
                        },
                        "meta": {
                            "e2bfb730-ecaa-11e6-8f88-34363bc7c4c0": {
                                "delete": 1200000000000
                            }
                        },
                        "tainted": false
                    },
                    "deposed": [],
                    "provider": "provider.aws"
                },
                "aws_elastic_beanstalk_application.ng_beanstalk_application": {
                    "type": "aws_elastic_beanstalk_application",
                    "depends_on": [],
                    "primary": {
                        "id": "va-diffusion-marketplace-production",
                        "attributes": {
                            "appversion_lifecycle.#": "0",
                            "description": "A pretty awesome application",
                            "id": "va-diffusion-marketplace-production",
                            "name": "va-diffusion-marketplace-production"
                        },
                        "meta": {},
                        "tainted": false
                    },
                    "deposed": [],
                    "provider": "provider.aws"
                },
                "aws_elastic_beanstalk_environment.ng_beanstalk_application_environment": {
                    "type": "aws_elastic_beanstalk_environment",
                    "depends_on": [
                        "aws_elastic_beanstalk_application.ng_beanstalk_application",
                        "aws_iam_instance_profile.ng_beanstalk_ec2",
                        "module.db"
                    ],
                    "primary": {
                        "id": "e-hv2mbme6pg",
                        "attributes": {
                            "all_settings.#": "106",
                            "all_settings.1036703857.name": "EvaluationPeriods",
                            "all_settings.1036703857.namespace": "aws:autoscaling:trigger",
                            "all_settings.1036703857.resource": "",
                            "all_settings.1036703857.value": "1",
                            "all_settings.1055035439.name": "RootVolumeType",
                            "all_settings.1055035439.namespace": "aws:autoscaling:launchconfiguration",
                            "all_settings.1055035439.resource": "",
                            "all_settings.1055035439.value": "",
                            "all_settings.1093784765.name": "ListenerProtocol",
                            "all_settings.1093784765.namespace": "aws:elb:listener:80",
                            "all_settings.1093784765.resource": "",
                            "all_settings.1093784765.value": "HTTP",
                            "all_settings.1105127146.name": "LoadBalancerPortProtocol",
                            "all_settings.1105127146.namespace": "aws:elb:loadbalancer",
                            "all_settings.1105127146.resource": "",
                            "all_settings.1105127146.value": "HTTP",
                            "all_settings.1148368735.name": "ConnectionDrainingEnabled",
                            "all_settings.1148368735.namespace": "aws:elb:policies",
                            "all_settings.1148368735.resource": "",
                            "all_settings.1148368735.value": "false",
                            "all_settings.1152947525.name": "HealthStreamingEnabled",
                            "all_settings.1152947525.namespace": "aws:elasticbeanstalk:cloudwatch:logs:health",
                            "all_settings.1152947525.resource": "",
                            "all_settings.1152947525.value": "false",
                            "all_settings.1194166391.name": "BlockDeviceMappings",
                            "all_settings.1194166391.namespace": "aws:autoscaling:launchconfiguration",
                            "all_settings.1194166391.resource": "",
                            "all_settings.1194166391.value": "/dev/xvdcz=:12:true:gp2",
                            "all_settings.1225551841.name": "Availability Zones",
                            "all_settings.1225551841.namespace": "aws:autoscaling:asg",
                            "all_settings.1225551841.resource": "",
                            "all_settings.1225551841.value": "Any",
                            "all_settings.1312309504.name": "MinInstancesInService",
                            "all_settings.1312309504.namespace": "aws:autoscaling:updatepolicy:rollingupdate",
                            "all_settings.1312309504.resource": "",
                            "all_settings.1312309504.value": "",
                            "all_settings.1384328253.name": "ELBScheme",
                            "all_settings.1384328253.namespace": "aws:ec2:vpc",
                            "all_settings.1384328253.resource": "",
                            "all_settings.1384328253.value": "public",
                            "all_settings.1418450284.name": "AssociatePublicIpAddress",
                            "all_settings.1418450284.namespace": "aws:ec2:vpc",
                            "all_settings.1418450284.resource": "",
                            "all_settings.1418450284.value": "",
                            "all_settings.1487137936.name": "IgnoreHealthCheck",
                            "all_settings.1487137936.namespace": "aws:elasticbeanstalk:command",
                            "all_settings.1487137936.resource": "",
                            "all_settings.1487137936.value": "false",
                            "all_settings.1539976252.name": "ListenerEnabled",
                            "all_settings.1539976252.namespace": "aws:elb:listener:80",
                            "all_settings.1539976252.resource": "",
                            "all_settings.1539976252.value": "true",
                            "all_settings.1584820072.name": "Custom Availability Zones",
                            "all_settings.1584820072.namespace": "aws:autoscaling:asg",
                            "all_settings.1584820072.resource": "",
                            "all_settings.1584820072.value": "",
                            "all_settings.1709622552.name": "LoadBalancerSSLPortProtocol",
                            "all_settings.1709622552.namespace": "aws:elb:loadbalancer",
                            "all_settings.1709622552.resource": "",
                            "all_settings.1709622552.value": "HTTPS",
                            "all_settings.1714051860.name": "AppSource",
                            "all_settings.1714051860.namespace": "aws:cloudformation:template:parameter",
                            "all_settings.1714051860.resource": "",
                            "all_settings.1714051860.value": "https://s3-us-west-2.amazonaws.com/elasticbeanstalk-samples-us-west-2/ecs-sample.zip",
                            "all_settings.1824390401.name": "Notification Topic ARN",
                            "all_settings.1824390401.namespace": "aws:elasticbeanstalk:sns:topics",
                            "all_settings.1824390401.resource": "",
                            "all_settings.1824390401.value": "",
                            "all_settings.1835511052.name": "SSLCertificateId",
                            "all_settings.1835511052.namespace": "aws:elb:listener:80",
                            "all_settings.1835511052.resource": "",
                            "all_settings.1835511052.value": "",
                            "all_settings.1853127076.name": "Notification Endpoint",
                            "all_settings.1853127076.namespace": "aws:elasticbeanstalk:sns:topics",
                            "all_settings.1853127076.resource": "",
                            "all_settings.1853127076.value": "",
                            "all_settings.1932615024.name": "UnhealthyThreshold",
                            "all_settings.1932615024.namespace": "aws:elb:healthcheck",
                            "all_settings.1932615024.resource": "",
                            "all_settings.1932615024.value": "5",
                            "all_settings.2071927441.name": "ELBSubnets",
                            "all_settings.2071927441.namespace": "aws:ec2:vpc",
                            "all_settings.2071927441.resource": "",
                            "all_settings.2071927441.value": "",
                            "all_settings.2145095834.name": "InstanceProtocol",
                            "all_settings.2145095834.namespace": "aws:elb:listener:80",
                            "all_settings.2145095834.resource": "",
                            "all_settings.2145095834.value": "HTTP",
                            "all_settings.2207777926.name": "StreamLogs",
                            "all_settings.2207777926.namespace": "aws:elasticbeanstalk:cloudwatch:logs",
                            "all_settings.2207777926.resource": "",
                            "all_settings.2207777926.value": "false",
                            "all_settings.2210680385.name": "LaunchType",
                            "all_settings.2210680385.namespace": "aws:elasticbeanstalk:control",
                            "all_settings.2210680385.resource": "",
                            "all_settings.2210680385.value": "Migration",
                            "all_settings.2237108774.name": "ImageId",
                            "all_settings.2237108774.namespace": "aws:autoscaling:launchconfiguration",
                            "all_settings.2237108774.resource": "",
                            "all_settings.2237108774.value": "ami-0ece32aad40668a05",
                            "all_settings.2308210129.name": "Subnets",
                            "all_settings.2308210129.namespace": "aws:ec2:vpc",
                            "all_settings.2308210129.resource": "",
                            "all_settings.2308210129.value": "",
                            "all_settings.2361522594.name": "DeleteOnTerminate",
                            "all_settings.2361522594.namespace": "aws:elasticbeanstalk:cloudwatch:logs:health",
                            "all_settings.2361522594.resource": "",
                            "all_settings.2361522594.value": "false",
                            "all_settings.2378924418.name": "PreferredStartTime",
                            "all_settings.2378924418.namespace": "aws:elasticbeanstalk:managedactions",
                            "all_settings.2378924418.resource": "",
                            "all_settings.2378924418.value": "",
                            "all_settings.2396587397.name": "MinSize",
                            "all_settings.2396587397.namespace": "aws:autoscaling:asg",
                            "all_settings.2396587397.resource": "",
                            "all_settings.2396587397.value": "1",
                            "all_settings.2402433859.name": "Period",
                            "all_settings.2402433859.namespace": "aws:autoscaling:trigger",
                            "all_settings.2402433859.resource": "",
                            "all_settings.2402433859.value": "5",
                            "all_settings.240742627.name": "UpperBreachScaleIncrement",
                            "all_settings.240742627.namespace": "aws:autoscaling:trigger",
                            "all_settings.240742627.resource": "",
                            "all_settings.240742627.value": "1",
                            "all_settings.2418681533.name": "POSTGRES_USER",
                            "all_settings.2418681533.namespace": "aws:elasticbeanstalk:application:environment",
                            "all_settings.2418681533.resource": "",
                            "all_settings.2418681533.value": "vadiffusionmarketplaceproduction",
                            "all_settings.2492456712.name": "LogPublicationControl",
                            "all_settings.2492456712.namespace": "aws:elasticbeanstalk:hostmanager",
                            "all_settings.2492456712.resource": "",
                            "all_settings.2492456712.value": "false",
                            "all_settings.2521334252.name": "InstanceRefreshEnabled",
                            "all_settings.2521334252.namespace": "aws:elasticbeanstalk:managedactions:platformupdate",
                            "all_settings.2521334252.resource": "",
                            "all_settings.2521334252.value": "false",
                            "all_settings.2542474489.name": "LoadBalancerType",
                            "all_settings.2542474489.namespace": "aws:elasticbeanstalk:environment",
                            "all_settings.2542474489.resource": "",
                            "all_settings.2542474489.value": "classic",
                            "all_settings.2558821935.name": "PauseTime",
                            "all_settings.2558821935.namespace": "aws:autoscaling:updatepolicy:rollingupdate",
                            "all_settings.2558821935.resource": "",
                            "all_settings.2558821935.value": "",
                            "all_settings.2578083670.name": "InstancePort",
                            "all_settings.2578083670.namespace": "aws:cloudformation:template:parameter",
                            "all_settings.2578083670.resource": "",
                            "all_settings.2578083670.value": "80",
                            "all_settings.2740661437.name": "InstanceTypeFamily",
                            "all_settings.2740661437.namespace": "aws:cloudformation:template:parameter",
                            "all_settings.2740661437.resource": "",
                            "all_settings.2740661437.value": "t2",
                            "all_settings.2824564098.name": "RollingUpdateType",
                            "all_settings.2824564098.namespace": "aws:autoscaling:updatepolicy:rollingupdate",
                            "all_settings.2824564098.resource": "",
                            "all_settings.2824564098.value": "Time",
                            "all_settings.28260639.name": "Application Healthcheck URL",
                            "all_settings.28260639.namespace": "aws:elasticbeanstalk:application",
                            "all_settings.28260639.resource": "",
                            "all_settings.28260639.value": "",
                            "all_settings.2827474164.name": "ConnectionSettingIdleTimeout",
                            "all_settings.2827474164.namespace": "aws:elb:policies",
                            "all_settings.2827474164.resource": "",
                            "all_settings.2827474164.value": "60",
                            "all_settings.285213017.name": "PolicyNames",
                            "all_settings.285213017.namespace": "aws:elb:listener:80",
                            "all_settings.285213017.resource": "",
                            "all_settings.285213017.value": "",
                            "all_settings.2913805941.name": "POSTGRES_PORT",
                            "all_settings.2913805941.namespace": "aws:elasticbeanstalk:application:environment",
                            "all_settings.2913805941.resource": "",
                            "all_settings.2913805941.value": "5432",
                            "all_settings.2929485696.name": "EnvironmentType",
                            "all_settings.2929485696.namespace": "aws:elasticbeanstalk:environment",
                            "all_settings.2929485696.resource": "",
                            "all_settings.2929485696.value": "LoadBalanced",
                            "all_settings.304444642.name": "ConnectionDrainingTimeout",
                            "all_settings.304444642.namespace": "aws:elb:policies",
                            "all_settings.304444642.resource": "",
                            "all_settings.304444642.value": "20",
                            "all_settings.3076490337.name": "RAILS_ENV",
                            "all_settings.3076490337.namespace": "aws:elasticbeanstalk:application:environment",
                            "all_settings.3076490337.resource": "",
                            "all_settings.3076490337.value": "production",
                            "all_settings.3111731957.name": "InstanceType",
                            "all_settings.3111731957.namespace": "aws:autoscaling:launchconfiguration",
                            "all_settings.3111731957.resource": "",
                            "all_settings.3111731957.value": "t2.micro",
                            "all_settings.3163218702.name": "Interval",
                            "all_settings.3163218702.namespace": "aws:elb:healthcheck",
                            "all_settings.3163218702.resource": "",
                            "all_settings.3163218702.value": "10",
                            "all_settings.3225151102.name": "MaxSize",
                            "all_settings.3225151102.namespace": "aws:autoscaling:asg",
                            "all_settings.3225151102.resource": "",
                            "all_settings.3225151102.value": "2",
                            "all_settings.3243179558.name": "ExternalExtensionsS3Key",
                            "all_settings.3243179558.namespace": "aws:elasticbeanstalk:environment",
                            "all_settings.3243179558.resource": "",
                            "all_settings.3243179558.value": "",
                            "all_settings.3263411188.name": "RootVolumeIOPS",
                            "all_settings.3263411188.namespace": "aws:autoscaling:launchconfiguration",
                            "all_settings.3263411188.resource": "",
                            "all_settings.3263411188.value": "",
                            "all_settings.3305636593.name": "UpperThreshold",
                            "all_settings.3305636593.namespace": "aws:autoscaling:trigger",
                            "all_settings.3305636593.resource": "",
                            "all_settings.3305636593.value": "6000000",
                            "all_settings.3334874421.name": "RollingUpdateEnabled",
                            "all_settings.3334874421.namespace": "aws:autoscaling:updatepolicy:rollingupdate",
                            "all_settings.3334874421.resource": "",
                            "all_settings.3334874421.value": "false",
                            "all_settings.3354438189.name": "Timeout",
                            "all_settings.3354438189.namespace": "aws:autoscaling:updatepolicy:rollingupdate",
                            "all_settings.3354438189.resource": "",
                            "all_settings.3354438189.value": "PT30M",
                            "all_settings.3396910454.name": "HealthCheckSuccessThreshold",
                            "all_settings.3396910454.namespace": "aws:elasticbeanstalk:healthreporting:system",
                            "all_settings.3396910454.resource": "",
                            "all_settings.3396910454.value": "Ok",
                            "all_settings.3402994671.name": "Statistic",
                            "all_settings.3402994671.namespace": "aws:autoscaling:trigger",
                            "all_settings.3402994671.resource": "",
                            "all_settings.3402994671.value": "Average",
                            "all_settings.3438018982.name": "MonitoringInterval",
                            "all_settings.3438018982.namespace": "aws:autoscaling:launchconfiguration",
                            "all_settings.3438018982.resource": "",
                            "all_settings.3438018982.value": "5 minute",
                            "all_settings.3450082806.name": "DeleteOnTerminate",
                            "all_settings.3450082806.namespace": "aws:elasticbeanstalk:cloudwatch:logs",
                            "all_settings.3450082806.resource": "",
                            "all_settings.3450082806.value": "false",
                            "all_settings.3496875314.name": "LowerThreshold",
                            "all_settings.3496875314.namespace": "aws:autoscaling:trigger",
                            "all_settings.3496875314.resource": "",
                            "all_settings.3496875314.value": "2000000",
                            "all_settings.3502087315.name": "CrossZone",
                            "all_settings.3502087315.namespace": "aws:elb:loadbalancer",
                            "all_settings.3502087315.resource": "",
                            "all_settings.3502087315.value": "false",
                            "all_settings.3511459446.name": "RootVolumeSize",
                            "all_settings.3511459446.namespace": "aws:autoscaling:launchconfiguration",
                            "all_settings.3511459446.resource": "",
                            "all_settings.3511459446.value": "",
                            "all_settings.3521293720.name": "ServiceRole",
                            "all_settings.3521293720.namespace": "aws:elasticbeanstalk:environment",
                            "all_settings.3521293720.resource": "",
                            "all_settings.3521293720.value": "AWSServiceRoleForElasticBeanstalk",
                            "all_settings.3545041252.name": "Unit",
                            "all_settings.3545041252.namespace": "aws:autoscaling:trigger",
                            "all_settings.3545041252.resource": "",
                            "all_settings.3545041252.value": "Bytes",
                            "all_settings.3578234322.name": "SystemType",
                            "all_settings.3578234322.namespace": "aws:elasticbeanstalk:healthreporting:system",
                            "all_settings.3578234322.resource": "",
                            "all_settings.3578234322.value": "basic",
                            "all_settings.3584475532.name": "Notification Topic Name",
                            "all_settings.3584475532.namespace": "aws:elasticbeanstalk:sns:topics",
                            "all_settings.3584475532.resource": "",
                            "all_settings.3584475532.value": "",
                            "all_settings.3603622424.name": "ManagedActionsEnabled",
                            "all_settings.3603622424.namespace": "aws:elasticbeanstalk:managedactions",
                            "all_settings.3603622424.resource": "",
                            "all_settings.3603622424.value": "false",
                            "all_settings.3615478791.name": "MaxBatchSize",
                            "all_settings.3615478791.namespace": "aws:autoscaling:updatepolicy:rollingupdate",
                            "all_settings.3615478791.resource": "",
                            "all_settings.3615478791.value": "",
                            "all_settings.3615826456.name": "ExternalExtensionsS3Bucket",
                            "all_settings.3615826456.namespace": "aws:elasticbeanstalk:environment",
                            "all_settings.3615826456.resource": "",
                            "all_settings.3615826456.value": "",
                            "all_settings.3627310367.name": "POSTGRES_HOST",
                            "all_settings.3627310367.namespace": "aws:elasticbeanstalk:application:environment",
                            "all_settings.3627310367.resource": "",
                            "all_settings.3627310367.value": "va-diffusion-marketplace-production.chlxo1onczok.us-west-2.rds.amazonaws.com",
                            "all_settings.3648591417.name": "Cooldown",
                            "all_settings.3648591417.namespace": "aws:autoscaling:asg",
                            "all_settings.3648591417.resource": "",
                            "all_settings.3648591417.value": "360",
                            "all_settings.3665611509.name": "SecurityGroups",
                            "all_settings.3665611509.namespace": "aws:autoscaling:launchconfiguration",
                            "all_settings.3665611509.resource": "",
                            "all_settings.3665611509.value": "",
                            "all_settings.3703842473.name": "HooksPkgUrl",
                            "all_settings.3703842473.namespace": "aws:cloudformation:template:parameter",
                            "all_settings.3703842473.resource": "",
                            "all_settings.3703842473.value": "https://s3.dualstack.us-west-2.amazonaws.com/elasticbeanstalk-env-resources-us-west-2/stalks/eb_docker_ecs_4.2.1.200851.0/lib/hooks.tar.gz",
                            "all_settings.3705073300.name": "Notification Protocol",
                            "all_settings.3705073300.namespace": "aws:elasticbeanstalk:sns:topics",
                            "all_settings.3705073300.resource": "",
                            "all_settings.3705073300.value": "email",
                            "all_settings.3708017666.name": "LowerBreachScaleIncrement",
                            "all_settings.3708017666.namespace": "aws:autoscaling:trigger",
                            "all_settings.3708017666.resource": "",
                            "all_settings.3708017666.value": "-1",
                            "all_settings.3732629043.name": "AWS_SECRET_ACCESS_KEY",
                            "all_settings.3732629043.namespace": "aws:elasticbeanstalk:application:environment",
                            "all_settings.3732629043.resource": "",
                            "all_settings.3732629043.value": "qqZ7jD2IvOfjsDwlnXGF9YKph7jg2MewUY3lHHne",
                            "all_settings.3768277227.name": "ConfigDocument",
                            "all_settings.3768277227.namespace": "aws:elasticbeanstalk:healthreporting:system",
                            "all_settings.3768277227.resource": "",
                            "all_settings.3768277227.value": "{\"Version\":1,\"CloudWatchMetrics\":{\"Instance\":{\"CPUIrq\":null,\"LoadAverage5min\":null,\"ApplicationRequests5xx\":null,\"ApplicationRequests4xx\":null,\"CPUUser\":null,\"LoadAverage1min\":null,\"ApplicationLatencyP50\":null,\"CPUIdle\":null,\"InstanceHealth\":null,\"ApplicationLatencyP95\":null,\"ApplicationLatencyP85\":null,\"RootFilesystemUtil\":null,\"ApplicationLatencyP90\":null,\"CPUSystem\":null,\"ApplicationLatencyP75\":null,\"CPUSoftirq\":null,\"ApplicationLatencyP10\":null,\"ApplicationLatencyP99\":null,\"ApplicationRequestsTotal\":null,\"ApplicationLatencyP99.9\":null,\"ApplicationRequests3xx\":null,\"ApplicationRequests2xx\":null,\"CPUIowait\":null,\"CPUNice\":null},\"Environment\":{\"InstancesSevere\":null,\"InstancesDegraded\":null,\"ApplicationRequests5xx\":null,\"ApplicationRequests4xx\":null,\"ApplicationLatencyP50\":null,\"ApplicationLatencyP95\":null,\"ApplicationLatencyP85\":null,\"InstancesUnknown\":null,\"ApplicationLatencyP90\":null,\"InstancesInfo\":null,\"InstancesPending\":null,\"ApplicationLatencyP75\":null,\"ApplicationLatencyP10\":null,\"ApplicationLatencyP99\":null,\"ApplicationRequestsTotal\":null,\"InstancesNoData\":null,\"ApplicationLatencyP99.9\":null,\"ApplicationRequests3xx\":null,\"ApplicationRequests2xx\":null,\"InstancesOk\":null,\"InstancesWarning\":null}}}",
                            "all_settings.3859948494.name": "RetentionInDays",
                            "all_settings.3859948494.namespace": "aws:elasticbeanstalk:cloudwatch:logs:health",
                            "all_settings.3859948494.resource": "",
                            "all_settings.3859948494.value": "7",
                            "all_settings.3929976136.name": "BatchSize",
                            "all_settings.3929976136.namespace": "aws:elasticbeanstalk:command",
                            "all_settings.3929976136.resource": "",
                            "all_settings.3929976136.value": "100",
                            "all_settings.3949385854.name": "VPCId",
                            "all_settings.3949385854.namespace": "aws:ec2:vpc",
                            "all_settings.3949385854.resource": "",
                            "all_settings.3949385854.value": "",
                            "all_settings.3961867433.name": "SSLCertificateId",
                            "all_settings.3961867433.namespace": "aws:elb:loadbalancer",
                            "all_settings.3961867433.resource": "",
                            "all_settings.3961867433.value": "",
                            "all_settings.3981805791.name": "Automatically Terminate Unhealthy Instances",
                            "all_settings.3981805791.namespace": "aws:elasticbeanstalk:monitoring",
                            "all_settings.3981805791.resource": "",
                            "all_settings.3981805791.value": "true",
                            "all_settings.4010736724.name": "EC2KeyName",
                            "all_settings.4010736724.namespace": "aws:autoscaling:launchconfiguration",
                            "all_settings.4010736724.resource": "",
                            "all_settings.4010736724.value": "",
                            "all_settings.4020527343.name": "InstancePort",
                            "all_settings.4020527343.namespace": "aws:elb:listener:80",
                            "all_settings.4020527343.resource": "",
                            "all_settings.4020527343.value": "80",
                            "all_settings.4049442346.name": "MeasureName",
                            "all_settings.4049442346.namespace": "aws:autoscaling:trigger",
                            "all_settings.4049442346.resource": "",
                            "all_settings.4049442346.value": "NetworkOut",
                            "all_settings.4100247781.name": "BreachDuration",
                            "all_settings.4100247781.namespace": "aws:autoscaling:trigger",
                            "all_settings.4100247781.resource": "",
                            "all_settings.4100247781.value": "5",
                            "all_settings.4107770397.name": "Target",
                            "all_settings.4107770397.namespace": "aws:elb:healthcheck",
                            "all_settings.4107770397.resource": "",
                            "all_settings.4107770397.value": "TCP:80",
                            "all_settings.4136940953.name": "UpdateLevel",
                            "all_settings.4136940953.namespace": "aws:elasticbeanstalk:managedactions:platformupdate",
                            "all_settings.4136940953.resource": "",
                            "all_settings.4136940953.value": "",
                            "all_settings.4156277285.name": "AWS_REGION",
                            "all_settings.4156277285.namespace": "aws:elasticbeanstalk:application:environment",
                            "all_settings.4156277285.resource": "",
                            "all_settings.4156277285.value": "us-west-2",
                            "all_settings.4167503353.name": "LaunchTimeout",
                            "all_settings.4167503353.namespace": "aws:elasticbeanstalk:control",
                            "all_settings.4167503353.resource": "",
                            "all_settings.4167503353.value": "0",
                            "all_settings.4203609652.name": "POSTGRES_DB",
                            "all_settings.4203609652.namespace": "aws:elasticbeanstalk:application:environment",
                            "all_settings.4203609652.resource": "",
                            "all_settings.4203609652.value": "vadiffusionmarketplaceproduction",
                            "all_settings.4232919657.name": "SecurityGroups",
                            "all_settings.4232919657.namespace": "aws:elb:loadbalancer",
                            "all_settings.4232919657.resource": "",
                            "all_settings.4232919657.value": "",
                            "all_settings.4267362780.name": "Timeout",
                            "all_settings.4267362780.namespace": "aws:elb:healthcheck",
                            "all_settings.4267362780.resource": "",
                            "all_settings.4267362780.value": "5",
                            "all_settings.433110370.name": "DefaultSSHPort",
                            "all_settings.433110370.namespace": "aws:elasticbeanstalk:control",
                            "all_settings.433110370.resource": "",
                            "all_settings.433110370.value": "22",
                            "all_settings.502734328.name": "SSHSourceRestriction",
                            "all_settings.502734328.namespace": "aws:autoscaling:launchconfiguration",
                            "all_settings.502734328.resource": "",
                            "all_settings.502734328.value": "tcp,22,22,0.0.0.0/0",
                            "all_settings.562442326.name": "AWS_ACCESS_KEY_ID",
                            "all_settings.562442326.namespace": "aws:elasticbeanstalk:application:environment",
                            "all_settings.562442326.resource": "",
                            "all_settings.562442326.value": "AKIA2CBH4RC2CBXHZ25P",
                            "all_settings.59521051.name": "HealthyThreshold",
                            "all_settings.59521051.namespace": "aws:elb:healthcheck",
                            "all_settings.59521051.resource": "",
                            "all_settings.59521051.value": "3",
                            "all_settings.620962506.name": "EnvironmentVariables",
                            "all_settings.620962506.namespace": "aws:cloudformation:template:parameter",
                            "all_settings.620962506.resource": "",
                            "all_settings.620962506.value": "POSTGRES_USER=vadiffusionmarketplaceproduction,AWS_REGION=us-west-2,RAILS_ENV=production,POSTGRES_HOST=va-diffusion-marketplace-production.chlxo1onczok.us-west-2.rds.amazonaws.com,AWS_ACCESS_KEY_ID=AKIA2CBH4RC2CBXHZ25P,AWS_SECRET_ACCESS_KEY=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,POSTGRES_PORT=5432,POSTGRES_PASSWORD=VY6ytgPwDpP7RfsZ69VDwe2PVWjqTCcU,POSTGRES_DB=vadiffusionmarketplaceproduction,S3_BUCKET_NAME=va-diffusion-marketplace-prod",
                            "all_settings.731293825.name": "LoadBalancerHTTPSPort",
                            "all_settings.731293825.namespace": "aws:elb:loadbalancer",
                            "all_settings.731293825.resource": "",
                            "all_settings.731293825.value": "OFF",
                            "all_settings.747815089.name": "BatchSizeType",
                            "all_settings.747815089.namespace": "aws:elasticbeanstalk:command",
                            "all_settings.747815089.resource": "",
                            "all_settings.747815089.value": "Percentage",
                            "all_settings.784312882.name": "LoadBalancerHTTPPort",
                            "all_settings.784312882.namespace": "aws:elb:loadbalancer",
                            "all_settings.784312882.resource": "",
                            "all_settings.784312882.value": "80",
                            "all_settings.785122787.name": "POSTGRES_PASSWORD",
                            "all_settings.785122787.namespace": "aws:elasticbeanstalk:application:environment",
                            "all_settings.785122787.resource": "",
                            "all_settings.785122787.value": "VY6ytgPwDpP7RfsZ69VDwe2PVWjqTCcU",
                            "all_settings.795861615.name": "S3_BUCKET_NAME",
                            "all_settings.795861615.namespace": "aws:elasticbeanstalk:application:environment",
                            "all_settings.795861615.resource": "",
                            "all_settings.795861615.value": "va-diffusion-marketplace-prod",
                            "all_settings.867879178.name": "IamInstanceProfile",
                            "all_settings.867879178.namespace": "aws:autoscaling:launchconfiguration",
                            "all_settings.867879178.resource": "",
                            "all_settings.867879178.value": "ng-beanstalk-ec2-user-va-diffusion-marketplace-production",
                            "all_settings.881749867.name": "Timeout",
                            "all_settings.881749867.namespace": "aws:elasticbeanstalk:command",
                            "all_settings.881749867.resource": "",
                            "all_settings.881749867.value": "600",
                            "all_settings.934067176.name": "RetentionInDays",
                            "all_settings.934067176.namespace": "aws:elasticbeanstalk:cloudwatch:logs",
                            "all_settings.934067176.resource": "",
                            "all_settings.934067176.value": "7",
                            "all_settings.940069638.name": "RollbackLaunchOnFailure",
                            "all_settings.940069638.namespace": "aws:elasticbeanstalk:control",
                            "all_settings.940069638.resource": "",
                            "all_settings.940069638.value": "false",
                            "application": "va-diffusion-marketplace-production",
                            "arn": "arn:aws:elasticbeanstalk:us-west-2:691573393588:environment/va-diffusion-marketplace-production/va-diffusion-marketplace-production",
                            "autoscaling_groups.#": "1",
                            "autoscaling_groups.0": "awseb-e-hv2mbme6pg-stack-AWSEBAutoScalingGroup-WEAEGAL9XN0C",
                            "cname": "va-diffusion-marketplace-production.mfw7phjphm.us-west-2.elasticbeanstalk.com",
                            "cname_prefix": "",
                            "description": "",
                            "id": "e-hv2mbme6pg",
                            "instances.#": "1",
                            "instances.0": "i-08bdcea9ed000d61a",
                            "launch_configurations.#": "1",
                            "launch_configurations.0": "awseb-e-hv2mbme6pg-stack-AWSEBAutoScalingLaunchConfiguration-170G4NK7UZH2R",
                            "load_balancers.#": "1",
                            "load_balancers.0": "awseb-e-h-AWSEBLoa-E3LXJA5QWQDC",
                            "name": "va-diffusion-marketplace-production",
                            "platform_arn": "arn:aws:elasticbeanstalk:us-west-2::platform/Multi-container Docker running on 64bit Amazon Linux/2.13.0",
                            "queues.#": "0",
                            "setting.#": "13",
                            "setting.2418681533.name": "POSTGRES_USER",
                            "setting.2418681533.namespace": "aws:elasticbeanstalk:application:environment",
                            "setting.2418681533.resource": "",
                            "setting.2418681533.value": "vadiffusionmarketplaceproduction",
                            "setting.2913805941.name": "POSTGRES_PORT",
                            "setting.2913805941.namespace": "aws:elasticbeanstalk:application:environment",
                            "setting.2913805941.resource": "",
                            "setting.2913805941.value": "5432",
                            "setting.3076490337.name": "RAILS_ENV",
                            "setting.3076490337.namespace": "aws:elasticbeanstalk:application:environment",
                            "setting.3076490337.resource": "",
                            "setting.3076490337.value": "production",
                            "setting.3111731957.name": "InstanceType",
                            "setting.3111731957.namespace": "aws:autoscaling:launchconfiguration",
                            "setting.3111731957.resource": "",
                            "setting.3111731957.value": "t2.micro",
                            "setting.3225151102.name": "MaxSize",
                            "setting.3225151102.namespace": "aws:autoscaling:asg",
                            "setting.3225151102.resource": "",
                            "setting.3225151102.value": "2",
                            "setting.3627310367.name": "POSTGRES_HOST",
                            "setting.3627310367.namespace": "aws:elasticbeanstalk:application:environment",
                            "setting.3627310367.resource": "",
                            "setting.3627310367.value": "va-diffusion-marketplace-production.chlxo1onczok.us-west-2.rds.amazonaws.com",
                            "setting.3732629043.name": "AWS_SECRET_ACCESS_KEY",
                            "setting.3732629043.namespace": "aws:elasticbeanstalk:application:environment",
                            "setting.3732629043.resource": "",
                            "setting.3732629043.value": "qqZ7jD2IvOfjsDwlnXGF9YKph7jg2MewUY3lHHne",
                            "setting.4156277285.name": "AWS_REGION",
                            "setting.4156277285.namespace": "aws:elasticbeanstalk:application:environment",
                            "setting.4156277285.resource": "",
                            "setting.4156277285.value": "us-west-2",
                            "setting.4203609652.name": "POSTGRES_DB",
                            "setting.4203609652.namespace": "aws:elasticbeanstalk:application:environment",
                            "setting.4203609652.resource": "",
                            "setting.4203609652.value": "vadiffusionmarketplaceproduction",
                            "setting.562442326.name": "AWS_ACCESS_KEY_ID",
                            "setting.562442326.namespace": "aws:elasticbeanstalk:application:environment",
                            "setting.562442326.resource": "",
                            "setting.562442326.value": "AKIA2CBH4RC2CBXHZ25P",
                            "setting.785122787.name": "POSTGRES_PASSWORD",
                            "setting.785122787.namespace": "aws:elasticbeanstalk:application:environment",
                            "setting.785122787.resource": "",
                            "setting.785122787.value": "VY6ytgPwDpP7RfsZ69VDwe2PVWjqTCcU",
                            "setting.795861615.name": "S3_BUCKET_NAME",
                            "setting.795861615.namespace": "aws:elasticbeanstalk:application:environment",
                            "setting.795861615.resource": "",
                            "setting.795861615.value": "va-diffusion-marketplace-prod",
                            "setting.867879178.name": "IamInstanceProfile",
                            "setting.867879178.namespace": "aws:autoscaling:launchconfiguration",
                            "setting.867879178.resource": "",
                            "setting.867879178.value": "ng-beanstalk-ec2-user-va-diffusion-marketplace-production",
                            "solution_stack_name": "64bit Amazon Linux 2018.03 v2.13.0 running Multi-container Docker 18.06.1-ce (Generic)",
                            "tags.%": "0",
                            "tier": "WebServer",
                            "triggers.#": "0",
                            "version_label": "",
                            "wait_for_ready_timeout": "20m"
                        },
                        "meta": {
                            "schema_version": "1"
                        },
                        "tainted": false
                    },
                    "deposed": [],
                    "provider": "provider.aws"
                },
                "aws_iam_instance_profile.ng_beanstalk_ec2": {
                    "type": "aws_iam_instance_profile",
                    "depends_on": [
                        "aws_iam_role.ng_beanstalk_ec2"
                    ],
                    "primary": {
                        "id": "ng-beanstalk-ec2-user-va-diffusion-marketplace-production",
                        "attributes": {
                            "arn": "arn:aws:iam::691573393588:instance-profile/ng-beanstalk-ec2-user-va-diffusion-marketplace-production",
                            "create_date": "2019-05-22T09:37:30Z",
                            "id": "ng-beanstalk-ec2-user-va-diffusion-marketplace-production",
                            "name": "ng-beanstalk-ec2-user-va-diffusion-marketplace-production",
                            "path": "/",
                            "role": "ng-beanstalk-ec2-role-production",
                            "roles.#": "1",
                            "roles.654821163": "ng-beanstalk-ec2-role-production",
                            "unique_id": "AIPA2CBH4RC2E6OZX4TOH"
                        },
                        "meta": {},
                        "tainted": false
                    },
                    "deposed": [],
                    "provider": "provider.aws"
                },
                "aws_iam_role.ng_beanstalk_ec2": {
                    "type": "aws_iam_role",
                    "depends_on": [],
                    "primary": {
                        "id": "ng-beanstalk-ec2-role-production",
                        "attributes": {
                            "arn": "arn:aws:iam::691573393588:role/ng-beanstalk-ec2-role-production",
                            "assume_role_policy": "{\"Version\":\"2012-10-17\",\"Statement\":[{\"Sid\":\"\",\"Effect\":\"Allow\",\"Principal\":{\"Service\":\"ec2.amazonaws.com\"},\"Action\":\"sts:AssumeRole\"}]}",
                            "create_date": "2019-05-22T09:29:47Z",
                            "description": "",
                            "force_detach_policies": "false",
                            "id": "ng-beanstalk-ec2-role-production",
                            "max_session_duration": "3600",
                            "name": "ng-beanstalk-ec2-role-production",
                            "path": "/",
                            "unique_id": "AROA2CBH4RC2I3JFZNEPA"
                        },
                        "meta": {},
                        "tainted": false
                    },
                    "deposed": [],
                    "provider": "provider.aws"
                },
                "aws_iam_role_policy_attachment.eb-ecr-readonly-attach": {
                    "type": "aws_iam_role_policy_attachment",
                    "depends_on": [
                        "aws_iam_role.ng_beanstalk_ec2"
                    ],
                    "primary": {
                        "id": "ng-beanstalk-ec2-role-production-20190522092947924900000001",
                        "attributes": {
                            "id": "ng-beanstalk-ec2-role-production-20190522092947924900000001",
                            "policy_arn": "arn:aws:iam::aws:policy/AmazonEC2ContainerRegistryReadOnly",
                            "role": "ng-beanstalk-ec2-role-production"
                        },
                        "meta": {},
                        "tainted": false
                    },
                    "deposed": [],
                    "provider": "provider.aws"
                },
                "aws_iam_role_policy_attachment.eb-ecs-attach": {
                    "type": "aws_iam_role_policy_attachment",
                    "depends_on": [
                        "aws_iam_role.ng_beanstalk_ec2"
                    ],
                    "primary": {
                        "id": "ng-beanstalk-ec2-role-production-20190522092947925000000002",
                        "attributes": {
                            "id": "ng-beanstalk-ec2-role-production-20190522092947925000000002",
                            "policy_arn": "arn:aws:iam::aws:policy/AWSElasticBeanstalkMulticontainerDocker",
                            "role": "ng-beanstalk-ec2-role-production"
                        },
                        "meta": {},
                        "tainted": false
                    },
                    "deposed": [],
                    "provider": "provider.aws"
                },
                "aws_iam_role_policy_attachment.eb-web-tier-attach": {
                    "type": "aws_iam_role_policy_attachment",
                    "depends_on": [
                        "aws_iam_role.ng_beanstalk_ec2"
                    ],
                    "primary": {
                        "id": "ng-beanstalk-ec2-role-production-20190522092947926800000003",
                        "attributes": {
                            "id": "ng-beanstalk-ec2-role-production-20190522092947926800000003",
                            "policy_arn": "arn:aws:iam::aws:policy/AWSElasticBeanstalkWebTier",
                            "role": "ng-beanstalk-ec2-role-production"
                        },
                        "meta": {},
                        "tainted": false
                    },
                    "deposed": [],
                    "provider": "provider.aws"
                },
                "data.aws_security_group.default": {
                    "type": "aws_security_group",
                    "depends_on": [
                        "data.aws_vpc.default"
                    ],
                    "primary": {
                        "id": "sg-ca2403b4",
                        "attributes": {
                            "arn": "arn:aws:ec2:us-west-2:691573393588:security-group/sg-ca2403b4",
                            "description": "default VPC security group",
                            "id": "sg-ca2403b4",
                            "name": "default",
                            "tags.%": "0",
                            "vpc_id": "vpc-353b164c"
                        },
                        "meta": {},
                        "tainted": false
                    },
                    "deposed": [],
                    "provider": "provider.aws"
                },
                "data.aws_subnet_ids.all": {
                    "type": "aws_subnet_ids",
                    "depends_on": [
                        "data.aws_vpc.default"
                    ],
                    "primary": {
                        "id": "vpc-353b164c",
                        "attributes": {
                            "id": "vpc-353b164c",
                            "ids.#": "4",
                            "ids.2079008666": "subnet-b411bfff",
                            "ids.3267619210": "subnet-0e179b77",
                            "ids.3359591603": "subnet-71206159",
                            "ids.3676119877": "subnet-2b4b2b71",
                            "vpc_id": "vpc-353b164c"
                        },
                        "meta": {},
                        "tainted": false
                    },
                    "deposed": [],
                    "provider": "provider.aws"
                },
                "data.aws_vpc.default": {
                    "type": "aws_vpc",
                    "depends_on": [],
                    "primary": {
                        "id": "vpc-353b164c",
                        "attributes": {
                            "arn": "arn:aws:ec2:us-west-2:691573393588:vpc/vpc-353b164c",
                            "cidr_block": "172.31.0.0/16",
                            "cidr_block_associations.#": "1",
                            "cidr_block_associations.0.association_id": "vpc-cidr-assoc-aa3acbc0",
                            "cidr_block_associations.0.cidr_block": "172.31.0.0/16",
                            "cidr_block_associations.0.state": "associated",
                            "default": "true",
                            "dhcp_options_id": "dopt-501a4d29",
                            "enable_dns_hostnames": "true",
                            "enable_dns_support": "true",
                            "id": "vpc-353b164c",
                            "instance_tenancy": "default",
                            "main_route_table_id": "rtb-f558748d",
                            "state": "available",
                            "tags.%": "0"
                        },
                        "meta": {},
                        "tainted": false
                    },
                    "deposed": [],
                    "provider": "provider.aws"
                }
            },
            "depends_on": []
        },
        {
            "path": [
                "root",
                "db"
            ],
            "outputs": {
                "this_db_instance_address": {
                    "sensitive": false,
                    "type": "string",
                    "value": "va-diffusion-marketplace-production.chlxo1onczok.us-west-2.rds.amazonaws.com"
                },
                "this_db_instance_arn": {
                    "sensitive": false,
                    "type": "string",
                    "value": "arn:aws:rds:us-west-2:691573393588:db:va-diffusion-marketplace-production"
                },
                "this_db_instance_availability_zone": {
                    "sensitive": false,
                    "type": "string",
                    "value": "us-west-2c"
                },
                "this_db_instance_endpoint": {
                    "sensitive": false,
                    "type": "string",
                    "value": "va-diffusion-marketplace-production.chlxo1onczok.us-west-2.rds.amazonaws.com:5432"
                },
                "this_db_instance_hosted_zone_id": {
                    "sensitive": false,
                    "type": "string",
                    "value": "Z1PVIF0B656C1W"
                },
                "this_db_instance_id": {
                    "sensitive": false,
                    "type": "string",
                    "value": "va-diffusion-marketplace-production"
                },
                "this_db_instance_name": {
                    "sensitive": false,
                    "type": "string",
                    "value": "vadiffusionmarketplaceproduction"
                },
                "this_db_instance_password": {
                    "sensitive": false,
                    "type": "string",
                    "value": "VY6ytgPwDpP7RfsZ69VDwe2PVWjqTCcU"
                },
                "this_db_instance_port": {
                    "sensitive": false,
                    "type": "string",
                    "value": "5432"
                },
                "this_db_instance_resource_id": {
                    "sensitive": false,
                    "type": "string",
                    "value": "db-7DZBN24FIOWS4QUHK75NGYO3LQ"
                },
                "this_db_instance_status": {
                    "sensitive": false,
                    "type": "string",
                    "value": "available"
                },
                "this_db_instance_username": {
                    "sensitive": false,
                    "type": "string",
                    "value": "vadiffusionmarketplaceproduction"
                },
                "this_db_option_group_arn": {
                    "sensitive": false,
                    "type": "string",
                    "value": ""
                },
                "this_db_option_group_id": {
                    "sensitive": false,
                    "type": "string",
                    "value": ""
                },
                "this_db_parameter_group_arn": {
                    "sensitive": false,
                    "type": "string",
                    "value": "arn:aws:rds:us-west-2:691573393588:pg:va-diffusion-marketplace-production-20190522092135225100000001"
                },
                "this_db_parameter_group_id": {
                    "sensitive": false,
                    "type": "string",
                    "value": "va-diffusion-marketplace-production-20190522092135225100000001"
                },
                "this_db_subnet_group_arn": {
                    "sensitive": false,
                    "type": "string",
                    "value": "arn:aws:rds:us-west-2:691573393588:subgrp:va-diffusion-marketplace-production-20190522092135225300000002"
                },
                "this_db_subnet_group_id": {
                    "sensitive": false,
                    "type": "string",
                    "value": "va-diffusion-marketplace-production-20190522092135225300000002"
                }
            },
            "resources": {},
            "depends_on": []
        },
        {
            "path": [
                "root",
                "db",
                "db_instance"
            ],
            "outputs": {
                "this_db_instance_address": {
                    "sensitive": false,
                    "type": "string",
                    "value": "va-diffusion-marketplace-production.chlxo1onczok.us-west-2.rds.amazonaws.com"
                },
                "this_db_instance_arn": {
                    "sensitive": false,
                    "type": "string",
                    "value": "arn:aws:rds:us-west-2:691573393588:db:va-diffusion-marketplace-production"
                },
                "this_db_instance_availability_zone": {
                    "sensitive": false,
                    "type": "string",
                    "value": "us-west-2c"
                },
                "this_db_instance_endpoint": {
                    "sensitive": false,
                    "type": "string",
                    "value": "va-diffusion-marketplace-production.chlxo1onczok.us-west-2.rds.amazonaws.com:5432"
                },
                "this_db_instance_hosted_zone_id": {
                    "sensitive": false,
                    "type": "string",
                    "value": "Z1PVIF0B656C1W"
                },
                "this_db_instance_id": {
                    "sensitive": false,
                    "type": "string",
                    "value": "va-diffusion-marketplace-production"
                },
                "this_db_instance_name": {
                    "sensitive": false,
                    "type": "string",
                    "value": "vadiffusionmarketplaceproduction"
                },
                "this_db_instance_password": {
                    "sensitive": false,
                    "type": "string",
                    "value": "VY6ytgPwDpP7RfsZ69VDwe2PVWjqTCcU"
                },
                "this_db_instance_port": {
                    "sensitive": false,
                    "type": "string",
                    "value": "5432"
                },
                "this_db_instance_resource_id": {
                    "sensitive": false,
                    "type": "string",
                    "value": "db-7DZBN24FIOWS4QUHK75NGYO3LQ"
                },
                "this_db_instance_status": {
                    "sensitive": false,
                    "type": "string",
                    "value": "available"
                },
                "this_db_instance_username": {
                    "sensitive": false,
                    "type": "string",
                    "value": "vadiffusionmarketplaceproduction"
                }
            },
            "resources": {
                "aws_db_instance.this": {
                    "type": "aws_db_instance",
                    "depends_on": [
                        "aws_iam_role.enhanced_monitoring.*",
                        "local.is_mssql"
                    ],
                    "primary": {
                        "id": "va-diffusion-marketplace-production",
                        "attributes": {
                            "address": "va-diffusion-marketplace-production.chlxo1onczok.us-west-2.rds.amazonaws.com",
                            "allocated_storage": "20",
                            "allow_major_version_upgrade": "false",
                            "apply_immediately": "false",
                            "arn": "arn:aws:rds:us-west-2:691573393588:db:va-diffusion-marketplace-production",
                            "auto_minor_version_upgrade": "true",
                            "availability_zone": "us-west-2c",
                            "backup_retention_period": "0",
                            "backup_window": "03:00-06:00",
                            "ca_cert_identifier": "rds-ca-2015",
                            "copy_tags_to_snapshot": "false",
                            "db_subnet_group_name": "va-diffusion-marketplace-production-20190522092135225300000002",
                            "deletion_protection": "true",
                            "domain": "",
                            "domain_iam_role_name": "",
                            "enabled_cloudwatch_logs_exports.#": "0",
                            "endpoint": "va-diffusion-marketplace-production.chlxo1onczok.us-west-2.rds.amazonaws.com:5432",
                            "engine": "postgres",
                            "engine_version": "10.6",
                            "final_snapshot_identifier": "va-diffusion-marketplace-production-snapshot",
                            "hosted_zone_id": "Z1PVIF0B656C1W",
                            "iam_database_authentication_enabled": "false",
                            "id": "va-diffusion-marketplace-production",
                            "identifier": "va-diffusion-marketplace-production",
                            "instance_class": "db.t2.micro",
                            "iops": "0",
                            "kms_key_id": "",
                            "license_model": "postgresql-license",
                            "maintenance_window": "mon:00:00-mon:03:00",
                            "monitoring_interval": "0",
                            "multi_az": "false",
                            "name": "vadiffusionmarketplaceproduction",
                            "option_group_name": "default:postgres-10",
                            "parameter_group_name": "va-diffusion-marketplace-production-20190522092135225100000001",
                            "password": "VY6ytgPwDpP7RfsZ69VDwe2PVWjqTCcU",
                            "port": "5432",
                            "publicly_accessible": "true",
                            "replicas.#": "0",
                            "replicate_source_db": "",
                            "resource_id": "db-7DZBN24FIOWS4QUHK75NGYO3LQ",
                            "security_group_names.#": "0",
                            "skip_final_snapshot": "true",
                            "status": "available",
                            "storage_encrypted": "false",
                            "storage_type": "gp2",
                            "tags.%": "3",
                            "tags.Environment": "dev",
                            "tags.Name": "va-diffusion-marketplace-production",
                            "tags.Owner": "user",
                            "timezone": "",
                            "username": "vadiffusionmarketplaceproduction",
                            "vpc_security_group_ids.#": "1",
                            "vpc_security_group_ids.2181954034": "sg-ca2403b4"
                        },
                        "meta": {
                            "e2bfb730-ecaa-11e6-8f88-34363bc7c4c0": {
                                "create": 2400000000000,
                                "delete": 2400000000000,
                                "update": 4800000000000
                            }
                        },
                        "tainted": false
                    },
                    "deposed": [],
                    "provider": "provider.aws"
                }
            },
            "depends_on": []
        },
        {
            "path": [
                "root",
                "db",
                "db_option_group"
            ],
            "outputs": {
                "this_db_option_group_arn": {
                    "sensitive": false,
                    "type": "string",
                    "value": ""
                },
                "this_db_option_group_id": {
                    "sensitive": false,
                    "type": "string",
                    "value": ""
                }
            },
            "resources": {},
            "depends_on": []
        },
        {
            "path": [
                "root",
                "db",
                "db_parameter_group"
            ],
            "outputs": {
                "this_db_parameter_group_arn": {
                    "sensitive": false,
                    "type": "string",
                    "value": "arn:aws:rds:us-west-2:691573393588:pg:va-diffusion-marketplace-production-20190522092135225100000001"
                },
                "this_db_parameter_group_id": {
                    "sensitive": false,
                    "type": "string",
                    "value": "va-diffusion-marketplace-production-20190522092135225100000001"
                }
            },
            "resources": {
                "aws_db_parameter_group.this": {
                    "type": "aws_db_parameter_group",
                    "depends_on": [],
                    "primary": {
                        "id": "va-diffusion-marketplace-production-20190522092135225100000001",
                        "attributes": {
                            "arn": "arn:aws:rds:us-west-2:691573393588:pg:va-diffusion-marketplace-production-20190522092135225100000001",
                            "description": "Database parameter group for va-diffusion-marketplace-production",
                            "family": "postgres10",
                            "id": "va-diffusion-marketplace-production-20190522092135225100000001",
                            "name": "va-diffusion-marketplace-production-20190522092135225100000001",
                            "name_prefix": "va-diffusion-marketplace-production-",
                            "parameter.#": "0",
                            "tags.%": "3",
                            "tags.Environment": "dev",
                            "tags.Name": "va-diffusion-marketplace-production",
                            "tags.Owner": "user"
                        },
                        "meta": {},
                        "tainted": false
                    },
                    "deposed": [],
                    "provider": "provider.aws"
                }
            },
            "depends_on": []
        },
        {
            "path": [
                "root",
                "db",
                "db_subnet_group"
            ],
            "outputs": {
                "this_db_subnet_group_arn": {
                    "sensitive": false,
                    "type": "string",
                    "value": "arn:aws:rds:us-west-2:691573393588:subgrp:va-diffusion-marketplace-production-20190522092135225300000002"
                },
                "this_db_subnet_group_id": {
                    "sensitive": false,
                    "type": "string",
                    "value": "va-diffusion-marketplace-production-20190522092135225300000002"
                }
            },
            "resources": {
                "aws_db_subnet_group.this": {
                    "type": "aws_db_subnet_group",
                    "depends_on": [],
                    "primary": {
                        "id": "va-diffusion-marketplace-production-20190522092135225300000002",
                        "attributes": {
                            "arn": "arn:aws:rds:us-west-2:691573393588:subgrp:va-diffusion-marketplace-production-20190522092135225300000002",
                            "description": "Database subnet group for va-diffusion-marketplace-production",
                            "id": "va-diffusion-marketplace-production-20190522092135225300000002",
                            "name": "va-diffusion-marketplace-production-20190522092135225300000002",
                            "name_prefix": "va-diffusion-marketplace-production-",
                            "subnet_ids.#": "4",
                            "subnet_ids.2079008666": "subnet-b411bfff",
                            "subnet_ids.3267619210": "subnet-0e179b77",
                            "subnet_ids.3359591603": "subnet-71206159",
                            "subnet_ids.3676119877": "subnet-2b4b2b71",
                            "tags.%": "3",
                            "tags.Environment": "dev",
                            "tags.Name": "va-diffusion-marketplace-production",
                            "tags.Owner": "user"
                        },
                        "meta": {},
                        "tainted": false
                    },
                    "deposed": [],
                    "provider": "provider.aws"
                }
            },
            "depends_on": []
        }
    ]
}
